// !$*UTF8*$!
{
	archiveVersion = 1;
	classes = {
	};
	objectVersion = 77;
	objects = {

/* Begin PBXContainerItemProxy section */
		97C0C33D2F8EDFE5006AAFE0 /* PBXContainerItemProxy */ = {
			isa = PBXContainerItemProxy;
			containerPortal = 97C0C3242F8EDFE3006AAFE0 /* Project object */;
			proxyType = 1;
			remoteGlobalIDString = 97C0C32B2F8EDFE3006AAFE0;
			remoteInfo = "ecg-app";
		};
		97C0C3472F8EDFE5006AAFE0 /* PBXContainerItemProxy */ = {
			isa = PBXContainerItemProxy;
			containerPortal = 97C0C3242F8EDFE3006AAFE0 /* Project object */;
			proxyType = 1;
			remoteGlobalIDString = 97C0C32B2F8EDFE3006AAFE0;
			remoteInfo = "ecg-app";
		};
/* End PBXContainerItemProxy section */

/* Begin PBXFileReference section */
		97C0C32C2F8EDFE3006AAFE0 /* ecg-app.app */ = {isa = PBXFileReference; explicitFileType = wrapper.application; includeInIndex = 0; path = "ecg-app.app"; sourceTree = BUILT_PRODUCTS_DIR; };
		97C0C33C2F8EDFE5006AAFE0 /* ecg-appTests.xctest */ = {isa = PBXFileReference; explicitFileType = wrapper.cfbundle; includeInIndex = 0; path = "ecg-appTests.xctest"; sourceTree = BUILT_PRODUCTS_DIR; };
		97C0C3462F8EDFE5006AAFE0 /* ecg-appUITests.xctest */ = {isa = PBXFileReference; explicitFileType = wrapper.cfbundle; includeInIndex = 0; path = "ecg-appUITests.xctest"; sourceTree = BUILT_PRODUCTS_DIR; };
/* End PBXFileReference section */

/* Begin PBXFileSystemSynchronizedRootGroup section */
		97C0C32E2F8EDFE3006AAFE0 /* ecg-app */ = {
			isa = PBXFileSystemSynchronizedRootGroup;
			path = "ecg-app";
			sourceTree = "<group>";
		};
		97C0C33F2F8EDFE5006AAFE0 /* ecg-appTests */ = {
			isa = PBXFileSystemSynchronizedRootGroup;
			path = "ecg-appTests";
			sourceTree = "<group>";
		};
		97C0C3492F8EDFE5006AAFE0 /* ecg-appUITests */ = {
			isa = PBXFileSystemSynchronizedRootGroup;
			path = "ecg-appUITests";
			sourceTree = "<group>";
		};
/* End PBXFileSystemSynchronizedRootGroup section */

/* Begin PBXFrameworksBuildPhase section */
		97C0C3292F8EDFE3006AAFE0 /* Frameworks */ = {
			isa = PBXFrameworksBuildPhase;
			buildActionMask = 2147483647;
			files = (
			);
			runOnlyForDeploymentPostprocessing = 0;
		};
		97C0C3392F8EDFE5006AAFE0 /* Frameworks */ = {
			isa = PBXFrameworksBuildPhase;
			buildActionMask = 2147483647;
			files = (
			);
			runOnlyForDeploymentPostprocessing = 0;
		};
		97C0C3432F8EDFE5006AAFE0 /* Frameworks */ = {
			isa = PBXFrameworksBuildPhase;
			buildActionMask = 2147483647;
			files = (
			);
			runOnlyForDeploymentPostprocessing = 0;
		};
/* End PBXFrameworksBuildPhase section */

/* Begin PBXGroup section */
		97C0C3232F8EDFE3006AAFE0 = {
			isa = PBXGroup;
			children = (
				97C0C32E2F8EDFE3006AAFE0 /* ecg-app */,
				97C0C33F2F8EDFE5006AAFE0 /* ecg-appTests */,
				97C0C3492F8EDFE5006AAFE0 /* ecg-appUITests */,
				97C0C32D2F8EDFE3006AAFE0 /* Products */,
			);
			sourceTree = "<group>";
		};
		97C0C32D2F8EDFE3006AAFE0 /* Products */ = {
			isa = PBXGroup;
			children = (
				97C0C32C2F8EDFE3006AAFE0 /* ecg-app.app */,
				97C0C33C2F8EDFE5006AAFE0 /* ecg-appTests.xctest */,
				97C0C3462F8EDFE5006AAFE0 /* ecg-appUITests.xctest */,
			);
			name = Products;
			sourceTree = "<group>";
		};
/* End PBXGroup section */

/* Begin PBXNativeTarget section */
		97C0C32B2F8EDFE3006AAFE0 /* ecg-app */ = {
			isa = PBXNativeTarget;
			buildConfigurationList = 97C0C3502F8EDFE5006AAFE0 /* Build configuration list for PBXNativeTarget "ecg-app" */;
			buildPhases = (
				97C0C3282F8EDFE3006AAFE0 /* Sources */,
				97C0C3292F8EDFE3006AAFE0 /* Frameworks */,
				97C0C32A2F8EDFE3006AAFE0 /* Resources */,
			);
			buildRules = (
			);
			dependencies = (
			);
			fileSystemSynchronizedGroups = (
				97C0C32E2F8EDFE3006AAFE0 /* ecg-app */,
			);
			name = "ecg-app";
			packageProductDependencies = (
			);
			productName = "ecg-app";
			productReference = 97C0C32C2F8EDFE3006AAFE0 /* ecg-app.app */;
			productType = "com.apple.product-type.application";
		};
		97C0C33B2F8EDFE5006AAFE0 /* ecg-appTests */ = {
			isa = PBXNativeTarget;
			buildConfigurationList = 97C0C3532F8EDFE5006AAFE0 /* Build configuration list for PBXNativeTarget "ecg-appTests" */;
			buildPhases = (
				97C0C3382F8EDFE5006AAFE0 /* Sources */,
				97C0C3392F8EDFE5006AAFE0 /* Frameworks */,
				97C0C33A2F8EDFE5006AAFE0 /* Resources */,
			);
			buildRules = (
			);
			dependencies = (
				97C0C33E2F8EDFE5006AAFE0 /* PBXTargetDependency */,
			);
			fileSystemSynchronizedGroups = (
				97C0C33F2F8EDFE5006AAFE0 /* ecg-appTests */,
			);
			name = "ecg-appTests";
			packageProductDependencies = (
			);
			productName = "ecg-appTests";
			productReference = 97C0C33C2F8EDFE5006AAFE0 /* ecg-appTests.xctest */;
			productType = "com.apple.product-type.bundle.unit-test";
		};
		97C0C3452F8EDFE5006AAFE0 /* ecg-appUITests */ = {
			isa = PBXNativeTarget;
			buildConfigurationList = 97C0C3562F8EDFE5006AAFE0 /* Build configuration list for PBXNativeTarget "ecg-appUITests" */;
			buildPhases = (
				97C0C3422F8EDFE5006AAFE0 /* Sources */,
				97C0C3432F8EDFE5006AAFE0 /* Frameworks */,
				97C0C3442F8EDFE5006AAFE0 /* Resources */,
			);
			buildRules = (
			);
			dependencies = (
				97C0C3482F8EDFE5006AAFE0 /* PBXTargetDependency */,
			);
			fileSystemSynchronizedGroups = (
				97C0C3492F8EDFE5006AAFE0 /* ecg-appUITests */,
			);
			name = "ecg-appUITests";
			packageProductDependencies = (
			);
			productName = "ecg-appUITests";
			productReference = 97C0C3462F8EDFE5006AAFE0 /* ecg-appUITests.xctest */;
			productType = "com.apple.product-type.bundle.ui-testing";
		};
/* End PBXNativeTarget section */

/* Begin PBXProject section */
		97C0C3242F8EDFE3006AAFE0 /* Project object */ = {
			isa = PBXProject;
			attributes = {
				BuildIndependentTargetsInParallel = 1;
				LastSwiftUpdateCheck = 1640;
				LastUpgradeCheck = 1640;
				TargetAttributes = {
					97C0C32B2F8EDFE3006AAFE0 = {
						CreatedOnToolsVersion = 16.4;
					};
					97C0C33B2F8EDFE5006AAFE0 = {
						CreatedOnToolsVersion = 16.4;
						TestTargetID = 97C0C32B2F8EDFE3006AAFE0;
					};
					97C0C3452F8EDFE5006AAFE0 = {
						CreatedOnToolsVersion = 16.4;
						TestTargetID = 97C0C32B2F8EDFE3006AAFE0;
					};
				};
			};
			buildConfigurationList = 97C0C3272F8EDFE3006AAFE0 /* Build configuration list for PBXProject "ecg-app" */;
			developmentRegion = en;
			hasScannedForEncodings = 0;
			knownRegions = (
				en,
				Base,
			);
			mainGroup = 97C0C3232F8EDFE3006AAFE0;
			minimizedProjectReferenceProxies = 1;
			preferredProjectObjectVersion = 77;
			productRefGroup = 97C0C32D2F8EDFE3006AAFE0 /* Products */;
			projectDirPath = "";
			projectRoot = "";
			targets = (
				97C0C32B2F8EDFE3006AAFE0 /* ecg-app */,
				97C0C33B2F8EDFE5006AAFE0 /* ecg-appTests */,
				97C0C3452F8EDFE5006AAFE0 /* ecg-appUITests */,
			);
		};
/* End PBXProject section */

/* Begin PBXResourcesBuildPhase section */
		97C0C32A2F8EDFE3006AAFE0 /* Resources */ = {
			isa = PBXResourcesBuildPhase;
			buildActionMask = 2147483647;
			files = (
			);
			runOnlyForDeploymentPostprocessing = 0;
		};
		97C0C33A2F8EDFE5006AAFE0 /* Resources */ = {
			isa = PBXResourcesBuildPhase;
			buildActionMask = 2147483647;
			files = (
			);
			runOnlyForDeploymentPostprocessing = 0;
		};
		97C0C3442F8EDFE5006AAFE0 /* Resources */ = {
			isa = PBXResourcesBuildPhase;
			buildActionMask = 2147483647;
			files = (
			);
			runOnlyForDeploymentPostprocessing = 0;
		};
/* End PBXResourcesBuildPhase section */

/* Begin PBXSourcesBuildPhase section */
		97C0C3282F8EDFE3006AAFE0 /* Sources */ = {
			isa = PBXSourcesBuildPhase;
			buildActionMask = 2147483647;
			files = (
			);
			runOnlyForDeploymentPostprocessing = 0;
		};
		97C0C3382F8EDFE5006AAFE0 /* Sources */ = {
			isa = PBXSourcesBuildPhase;
			buildActionMask = 2147483647;
			files = (
			);
			runOnlyForDeploymentPostprocessing = 0;
		};
		97C0C3422F8EDFE5006AAFE0 /* Sources */ = {
			isa = PBXSourcesBuildPhase;
			buildActionMask = 2147483647;
			files = (
			);
			runOnlyForDeploymentPostprocessing = 0;
		};
/* End PBXSourcesBuildPhase section */

/* Begin PBXTargetDependency section */
		97C0C33E2F8EDFE5006AAFE0 /* PBXTargetDependency */ = {
			isa = PBXTargetDependency;
			target = 97C0C32B2F8EDFE3006AAFE0 /* ecg-app */;
			targetProxy = 97C0C33D2F8EDFE5006AAFE0 /* PBXContainerItemProxy */;
		};
		97C0C3482F8EDFE5006AAFE0 /* PBXTargetDependency */ = {
			isa = PBXTargetDependency;
			target = 97C0C32B2F8EDFE3006AAFE0 /* ecg-app */;
			targetProxy = 97C0C3472F8EDFE5006AAFE0 /* PBXContainerItemProxy */;
		};
/* End PBXTargetDependency section */

/* Begin XCBuildConfiguration section */
		97C0C34E2F8EDFE5006AAFE0 /* Debug */ = {
			isa = XCBuildConfiguration;
			buildSettings = {
				ALWAYS_SEARCH_USER_PATHS = NO;
				ASSETCATALOG_COMPILER_GENERATE_SWIFT_ASSET_SYMBOL_EXTENSIONS = YES;
				CLANG_ANALYZER_NONNULL = YES;
				CLANG_ANALYZER_NUMBER_OBJECT_CONVERSION = YES_AGGRESSIVE;
				CLANG_CXX_LANGUAGE_STANDARD = "gnu++20";
				CLANG_ENABLE_MODULES = YES;
				CLANG_ENABLE_OBJC_ARC = YES;
				CLANG_ENABLE_OBJC_WEAK = YES;
				CLANG_WARN_BLOCK_CAPTURE_AUTORELEASING = YES;
				CLANG_WARN_BOOL_CONVERSION = YES;
				CLANG_WARN_COMMA = YES;
				CLANG_WARN_CONSTANT_CONVERSION = YES;
				CLANG_WARN_DEPRECATED_OBJC_IMPLEMENTATIONS = YES;
				CLANG_WARN_DIRECT_OBJC_ISA_USAGE = YES_ERROR;
				CLANG_WARN_DOCUMENTATION_COMMENTS = YES;
				CLANG_WARN_EMPTY_BODY = YES;
				CLANG_WARN_ENUM_CONVERSION = YES;
				CLANG_WARN_INFINITE_RECURSION = YES;
				CLANG_WARN_INT_CONVERSION = YES;
				CLANG_WARN_NON_LITERAL_NULL_CONVERSION = YES;
				CLANG_WARN_OBJC_IMPLICIT_RETAIN_SELF = YES;
				CLANG_WARN_OBJC_LITERAL_CONVERSION = YES;
				CLANG_WARN_OBJC_ROOT_CLASS = YES_ERROR;
				CLANG_WARN_QUOTED_INCLUDE_IN_FRAMEWORK_HEADER = YES;
				CLANG_WARN_RANGE_LOOP_ANALYSIS = YES;
				CLANG_WARN_STRICT_PROTOTYPES = YES;
				CLANG_WARN_SUSPICIOUS_MOVE = YES;
				CLANG_WARN_UNGUARDED_AVAILABILITY = YES_AGGRESSIVE;
				CLANG_WARN_UNREACHABLE_CODE = YES;
				CLANG_WARN__DUPLICATE_METHOD_MATCH = YES;
				COPY_PHASE_STRIP = NO;
				DEBUG_INFORMATION_FORMAT = dwarf;
				ENABLE_STRICT_OBJC_MSGSEND = YES;
				ENABLE_TESTABILITY = YES;
				ENABLE_USER_SCRIPT_SANDBOXING = YES;
				GCC_C_LANGUAGE_STANDARD = gnu17;
				GCC_DYNAMIC_NO_PIC = NO;
				GCC_NO_COMMON_BLOCKS = YES;
				GCC_OPTIMIZATION_LEVEL = 0;
				GCC_PREPROCESSOR_DEFINITIONS = (
					"DEBUG=1",
					"$(inherited)",
				);
				GCC_WARN_64_TO_32_BIT_CONVERSION = YES;
				GCC_WARN_ABOUT_RETURN_TYPE = YES_ERROR;
				GCC_WARN_UNDECLARED_SELECTOR = YES;
				GCC_WARN_UNINITIALIZED_AUTOS = YES_AGGRESSIVE;
				GCC_WARN_UNUSED_FUNCTION = YES;
				GCC_WARN_UNUSED_VARIABLE = YES;
				LOCALIZATION_PREFERS_STRING_CATALOGS = YES;
				MTL_ENABLE_DEBUG_INFO = INCLUDE_SOURCE;
				MTL_FAST_MATH = YES;
				ONLY_ACTIVE_ARCH = YES;
				SWIFT_ACTIVE_COMPILATION_CONDITIONS = "DEBUG $(inherited)";
				SWIFT_OPTIMIZATION_LEVEL = "-Onone";
			};
			name = Debug;
		};
		97C0C34F2F8EDFE5006AAFE0 /* Release */ = {
			isa = XCBuildConfiguration;
			buildSettings = {
				ALWAYS_SEARCH_USER_PATHS = NO;
				ASSETCATALOG_COMPILER_GENERATE_SWIFT_ASSET_SYMBOL_EXTENSIONS = YES;
				CLANG_ANALYZER_NONNULL = YES;
				CLANG_ANALYZER_NUMBER_OBJECT_CONVERSION = YES_AGGRESSIVE;
				CLANG_CXX_LANGUAGE_STANDARD = "gnu++20";
				CLANG_ENABLE_MODULES = YES;
				CLANG_ENABLE_OBJC_ARC = YES;
				CLANG_ENABLE_OBJC_WEAK = YES;
				CLANG_WARN_BLOCK_CAPTURE_AUTORELEASING = YES;
				CLANG_WARN_BOOL_CONVERSION = YES;
				CLANG_WARN_COMMA = YES;
				CLANG_WARN_CONSTANT_CONVERSION = YES;
				CLANG_WARN_DEPRECATED_OBJC_IMPLEMENTATIONS = YES;
				CLANG_WARN_DIRECT_OBJC_ISA_USAGE = YES_ERROR;
				CLANG_WARN_DOCUMENTATION_COMMENTS = YES;
				CLANG_WARN_EMPTY_BODY = YES;
				CLANG_WARN_ENUM_CONVERSION = YES;
				CLANG_WARN_INFINITE_RECURSION = YES;
				CLANG_WARN_INT_CONVERSION = YES;
				CLANG_WARN_NON_LITERAL_NULL_CONVERSION = YES;
				CLANG_WARN_OBJC_IMPLICIT_RETAIN_SELF = YES;
				CLANG_WARN_OBJC_LITERAL_CONVERSION = YES;
				CLANG_WARN_OBJC_ROOT_CLASS = YES_ERROR;
				CLANG_WARN_QUOTED_INCLUDE_IN_FRAMEWORK_HEADER = YES;
				CLANG_WARN_RANGE_LOOP_ANALYSIS = YES;
				CLANG_WARN_STRICT_PROTOTYPES = YES;
				CLANG_WARN_SUSPICIOUS_MOVE = YES;
				CLANG_WARN_UNGUARDED_AVAILABILITY = YES_AGGRESSIVE;
				CLANG_WARN_UNREACHABLE_CODE = YES;
				CLANG_WARN__DUPLICATE_METHOD_MATCH = YES;
				COPY_PHASE_STRIP = NO;
				DEBUG_INFORMATION_FORMAT = "dwarf-with-dsym";
				ENABLE_NS_ASSERTIONS = NO;
				ENABLE_STRICT_OBJC_MSGSEND = YES;
				ENABLE_USER_SCRIPT_SANDBOXING = YES;
				GCC_C_LANGUAGE_STANDARD = gnu17;
				GCC_NO_COMMON_BLOCKS = YES;
				GCC_WARN_64_TO_32_BIT_CONVERSION = YES;
				GCC_WARN_ABOUT_RETURN_TYPE = YES_ERROR;
				GCC_WARN_UNDECLARED_SELECTOR = YES;
				GCC_WARN_UNINITIALIZED_AUTOS = YES_AGGRESSIVE;
				GCC_WARN_UNUSED_FUNCTION = YES;
				GCC_WARN_UNUSED_VARIABLE = YES;
				LOCALIZATION_PREFERS_STRING_CATALOGS = YES;
				MTL_ENABLE_DEBUG_INFO = NO;
				MTL_FAST_MATH = YES;
				SWIFT_COMPILATION_MODE = wholemodule;
			};
			name = Release;
		};
		97C0C3512F8EDFE5006AAFE0 /* Debug */ = {
			isa = XCBuildConfiguration;
			buildSettings = {
				ASSETCATALOG_COMPILER_APPICON_NAME = AppIcon;
				ASSETCATALOG_COMPILER_GLOBAL_ACCENT_COLOR_NAME = AccentColor;
				CODE_SIGN_ENTITLEMENTS = "ecg-app/ecg_app.entitlements";
				CODE_SIGN_STYLE = Automatic;
				CURRENT_PROJECT_VERSION = 1;
				DEVELOPMENT_TEAM = R53MF3F498;
				ENABLE_PREVIEWS = YES;
				GENERATE_INFOPLIST_FILE = YES;
				INFOPLIST_KEY_CFBundleDisplayName = "ER1 ECG";
				INFOPLIST_KEY_NSBluetoothAlwaysUsageDescription = "Used to connect to the ER1 chest strap for ECG data and to relay heart rate to other devices.";
				INFOPLIST_KEY_UIApplicationSceneManifest_Generation = YES;
				INFOPLIST_KEY_UIApplicationSupportsIndirectInputEvents = YES;
				INFOPLIST_KEY_UIBackgroundModes = "bluetooth-central bluetooth-peripheral";
				INFOPLIST_KEY_UILaunchScreen_Generation = YES;
				INFOPLIST_KEY_UIStatusBarStyle = UIStatusBarStyleDefault;
				INFOPLIST_KEY_UISupportedInterfaceOrientations_iPad = "UIInterfaceOrientationPortrait UIInterfaceOrientationPortraitUpsideDown UIInterfaceOrientationLandscapeLeft UIInterfaceOrientationLandscapeRight";
				INFOPLIST_KEY_UISupportedInterfaceOrientations_iPhone = "UIInterfaceOrientationPortrait UIInterfaceOrientationLandscapeLeft UIInterfaceOrientationLandscapeRight";
				IPHONEOS_DEPLOYMENT_TARGET = 18.5;
				LD_RUNPATH_SEARCH_PATHS = "@executable_path/Frameworks";
				MARKETING_VERSION = 1.0;
				PRODUCT_BUNDLE_IDENTIFIER = "com.leatham.ecg-app";
				PRODUCT_NAME = "$(TARGET_NAME)";
				REGISTER_APP_GROUPS = YES;
				SDKROOT = iphoneos;
				SUPPORTED_PLATFORMS = "iphoneos iphonesimulator";
				SWIFT_EMIT_LOC_STRINGS = YES;
				SWIFT_VERSION = 5.0;
				TARGETED_DEVICE_FAMILY = "1,2";
			};
			name = Debug;
		};
		97C0C3522F8EDFE5006AAFE0 /* Release */ = {
			isa = XCBuildConfiguration;
			buildSettings = {
				ASSETCATALOG_COMPILER_APPICON_NAME = AppIcon;
				ASSETCATALOG_COMPILER_GLOBAL_ACCENT_COLOR_NAME = AccentColor;
				CODE_SIGN_ENTITLEMENTS = "ecg-app/ecg_app.entitlements";
				CODE_SIGN_STYLE = Automatic;
				CURRENT_PROJECT_VERSION = 1;
				DEVELOPMENT_TEAM = R53MF3F498;
				ENABLE_PREVIEWS = YES;
				GENERATE_INFOPLIST_FILE = YES;
				INFOPLIST_KEY_CFBundleDisplayName = "ER1 ECG";
				INFOPLIST_KEY_NSBluetoothAlwaysUsageDescription = "Used to connect to the ER1 chest strap for ECG data and to relay heart rate to other devices.";
				INFOPLIST_KEY_UIApplicationSceneManifest_Generation = YES;
				INFOPLIST_KEY_UIApplicationSupportsIndirectInputEvents = YES;
				INFOPLIST_KEY_UIBackgroundModes = "bluetooth-central bluetooth-peripheral";
				INFOPLIST_KEY_UILaunchScreen_Generation = YES;
				INFOPLIST_KEY_UIStatusBarStyle = UIStatusBarStyleDefault;
				INFOPLIST_KEY_UISupportedInterfaceOrientations_iPad = "UIInterfaceOrientationPortrait UIInterfaceOrientationPortraitUpsideDown UIInterfaceOrientationLandscapeLeft UIInterfaceOrientationLandscapeRight";
				INFOPLIST_KEY_UISupportedInterfaceOrientations_iPhone = "UIInterfaceOrientationPortrait UIInterfaceOrientationLandscapeLeft UIInterfaceOrientationLandscapeRight";
				IPHONEOS_DEPLOYMENT_TARGET = 18.5;
				LD_RUNPATH_SEARCH_PATHS = "@executable_path/Frameworks";
				MARKETING_VERSION = 1.0;
				PRODUCT_BUNDLE_IDENTIFIER = "com.leatham.ecg-app";
				PRODUCT_NAME = "$(TARGET_NAME)";
				REGISTER_APP_GROUPS = YES;
				SDKROOT = iphoneos;
				SUPPORTED_PLATFORMS = "iphoneos iphonesimulator";
				SWIFT_EMIT_LOC_STRINGS = YES;
				SWIFT_VERSION = 5.0;
				TARGETED_DEVICE_FAMILY = "1,2";
			};
			name = Release;
		};
		97C0C3542F8EDFE5006AAFE0 /* Debug */ = {
			isa = XCBuildConfiguration;
			buildSettings = {
				BUNDLE_LOADER = "$(TEST_HOST)";
				CODE_SIGN_STYLE = Automatic;
				CURRENT_PROJECT_VERSION = 1;
				GENERATE_INFOPLIST_FILE = YES;
				IPHONEOS_DEPLOYMENT_TARGET = 18.5;
				MACOSX_DEPLOYMENT_TARGET = 15.5;
				MARKETING_VERSION = 1.0;
				PRODUCT_BUNDLE_IDENTIFIER = "com.leatham.ecg-appTests";
				PRODUCT_NAME = "$(TARGET_NAME)";
				SDKROOT = auto;
				SUPPORTED_PLATFORMS = "iphoneos iphonesimulator macosx xros xrsimulator";
				SWIFT_EMIT_LOC_STRINGS = NO;
				SWIFT_VERSION = 5.0;
				TARGETED_DEVICE_FAMILY = "1,2,7";
				TEST_HOST = "$(BUILT_PRODUCTS_DIR)/ecg-app.app/$(BUNDLE_EXECUTABLE_FOLDER_PATH)/ecg-app";
				XROS_DEPLOYMENT_TARGET = 2.5;
			};
			name = Debug;
		};
		97C0C3552F8EDFE5006AAFE0 /* Release */ = {
			isa = XCBuildConfiguration;
			buildSettings = {
				BUNDLE_LOADER = "$(TEST_HOST)";
				CODE_SIGN_STYLE = Automatic;
				CURRENT_PROJECT_VERSION = 1;
				GENERATE_INFOPLIST_FILE = YES;
				IPHONEOS_DEPLOYMENT_TARGET = 18.5;
				MACOSX_DEPLOYMENT_TARGET = 15.5;
				MARKETING_VERSION = 1.0;
				PRODUCT_BUNDLE_IDENTIFIER = "com.leatham.ecg-appTests";
				PRODUCT_NAME = "$(TARGET_NAME)";
				SDKROOT = auto;
				SUPPORTED_PLATFORMS = "iphoneos iphonesimulator macosx xros xrsimulator";
				SWIFT_EMIT_LOC_STRINGS = NO;
				SWIFT_VERSION = 5.0;
				TARGETED_DEVICE_FAMILY = "1,2,7";
				TEST_HOST = "$(BUILT_PRODUCTS_DIR)/ecg-app.app/$(BUNDLE_EXECUTABLE_FOLDER_PATH)/ecg-app";
				XROS_DEPLOYMENT_TARGET = 2.5;
			};
			name = Release;
		};
		97C0C3572F8EDFE5006AAFE0 /* Debug */ = {
			isa = XCBuildConfiguration;
			buildSettings = {
				CODE_SIGN_STYLE = Automatic;
				CURRENT_PROJECT_VERSION = 1;
				GENERATE_INFOPLIST_FILE = YES;
				IPHONEOS_DEPLOYMENT_TARGET = 18.5;
				MACOSX_DEPLOYMENT_TARGET = 15.5;
				MARKETING_VERSION = 1.0;
				PRODUCT_BUNDLE_IDENTIFIER = "com.leatham.ecg-appUITests";
				PRODUCT_NAME = "$(TARGET_NAME)";
				SDKROOT = auto;
				SUPPORTED_PLATFORMS = "iphoneos iphonesimulator macosx xros xrsimulator";
				SWIFT_EMIT_LOC_STRINGS = NO;
				SWIFT_VERSION = 5.0;
				TARGETED_DEVICE_FAMILY = "1,2,7";
				TEST_TARGET_NAME = "ecg-app";
				XROS_DEPLOYMENT_TARGET = 2.5;
			};
			name = Debug;
		};
		97C0C3582F8EDFE5006AAFE0 /* Release */ = {
			isa = XCBuildConfiguration;
			buildSettings = {
				CODE_SIGN_STYLE = Automatic;
				CURRENT_PROJECT_VERSION = 1;
				GENERATE_INFOPLIST_FILE = YES;
				IPHONEOS_DEPLOYMENT_TARGET = 18.5;
				MACOSX_DEPLOYMENT_TARGET = 15.5;
				MARKETING_VERSION = 1.0;
				PRODUCT_BUNDLE_IDENTIFIER = "com.leatham.ecg-appUITests";
				PRODUCT_NAME = "$(TARGET_NAME)";
				SDKROOT = auto;
				SUPPORTED_PLATFORMS = "iphoneos iphonesimulator macosx xros xrsimulator";
				SWIFT_EMIT_LOC_STRINGS = NO;
				SWIFT_VERSION = 5.0;
				TARGETED_DEVICE_FAMILY = "1,2,7";
				TEST_TARGET_NAME = "ecg-app";
				XROS_DEPLOYMENT_TARGET = 2.5;
			};
			name = Release;
		};
/* End XCBuildConfiguration section */

/* Begin XCConfigurationList section */
		97C0C3272F8EDFE3006AAFE0 /* Build configuration list for PBXProject "ecg-app" */ = {
			isa = XCConfigurationList;
			buildConfigurations = (
				97C0C34E2F8EDFE5006AAFE0 /* Debug */,
				97C0C34F2F8EDFE5006AAFE0 /* Release */,
			);
			defaultConfigurationIsVisible = 0;
			defaultConfigurationName = Release;
		};
		97C0C3502F8EDFE5006AAFE0 /* Build configuration list for PBXNativeTarget "ecg-app" */ = {
			isa = XCConfigurationList;
			buildConfigurations = (
				97C0C3512F8EDFE5006AAFE0 /* Debug */,
				97C0C3522F8EDFE5006AAFE0 /* Release */,
			);
			defaultConfigurationIsVisible = 0;
			defaultConfigurationName = Release;
		};
		97C0C3532F8EDFE5006AAFE0 /* Build configuration list for PBXNativeTarget "ecg-appTests" */ = {
			isa = XCConfigurationList;
			buildConfigurations = (
				97C0C3542F8EDFE5006AAFE0 /* Debug */,
				97C0C3552F8EDFE5006AAFE0 /* Release */,
			);
			defaultConfigurationIsVisible = 0;
			defaultConfigurationName = Release;
		};
		97C0C3562F8EDFE5006AAFE0 /* Build configuration list for PBXNativeTarget "ecg-appUITests" */ = {
			isa = XCConfigurationList;
			buildConfigurations = (
				97C0C3572F8EDFE5006AAFE0 /* Debug */,
				97C0C3582F8EDFE5006AAFE0 /* Release */,
			);
			defaultConfigurationIsVisible = 0;
			defaultConfigurationName = Release;
		};
/* End XCConfigurationList section */
	};
	rootObject = 97C0C3242F8EDFE3006AAFE0 /* Project object */;
}
